# This file is generated by running "yarn install" inside your project.
# Manual changes might be lost - proceed with caution!

__metadata:
  version: 4
  cacheKey: 7

"@berry/fslib@npm:0.1.0":
  version: 0.1.0
  resolution: "@berry/fslib@npm:0.1.0"
  dependencies:
    "@berry/libzip": 0.1.0
  checksum: 8ac97823618a570462846ae110502afa209dea9d8c0fdf4c39fe3ad31c4b74161c36b288b27148d7e2a2092ff995d31ce8e9167d7aa61bd4254b98c324af4bba
  languageName: node
  linkType: hard

"@berry/libzip@npm:0.1.0":
  version: 0.1.0
  resolution: "@berry/libzip@npm:0.1.0"
  checksum: 71ebf8c3a1b9e244dfb601811324db203a63011cecd1d7718c1bdf385688cae7d2d6e84e5403cdc869d1b424ae6ab808bc3c0a2d8255a1c0baf4478d2a4a28f0
  languageName: node
  linkType: hard

"@berry/pnpify@npm:^0.1.0":
  version: 0.1.0
  resolution: "@berry/pnpify@npm:0.1.0"
  dependencies:
    "@berry/fslib": 0.1.0
    cross-spawn: ^6.0.5
  peerDependencies:
    eslint: "*"
    typescript: "*"
  peerDependenciesMeta:
    eslint:
      optional: true
    typescript:
      optional: true
  bin:
    pnpify: ./lib/bin.js
  checksum: 5bed7ce6c1b8e1e5fb998788649831adfb69b05314c5ad650b73998cbd681ec1c8b6852d5dd095e9b55b4563637791f7331cb6bf74a674221a4239a8b56083b0
  languageName: node
  linkType: hard

"@discordjs/collection@npm:^0.1.6":
  version: 0.1.6
  resolution: "@discordjs/collection@npm:0.1.6"
  checksum: da87faf9975e9320a4aa5e8a78312849e4767eb5b0c3348612a0f2d07b5bad4bb91c8c65a5a8ffecc007574c5eebd4790d2e13880af6fd2ae865ba3161495f9a
  languageName: node
  linkType: hard

"@discordjs/form-data@npm:^3.0.1":
  version: 3.0.1
  resolution: "@discordjs/form-data@npm:3.0.1"
  dependencies:
    asynckit: ^0.4.0
    combined-stream: ^1.0.8
    mime-types: ^2.1.12
  checksum: 2ddf4c9bba170ea325cabae28d8d4f3e2e132a4eded64d242dbaafb514d0109c338a18bd0cab4d3464dca8f2da1c6ddc870ef96b89d7b5ed16f155cd171bf1a4
  languageName: node
  linkType: hard

"@types/node@npm:>=8.0.0 <15, @types/node@npm:^14.14.31":
  version: 14.14.31
  resolution: "@types/node@npm:14.14.31"
  checksum: 635dc8a0898a923621e02ca179e17baa39fdfa44f0096fcc1b7046c9b32317e74a99956a7b45ca0e8069874f51f4e7873a418239a318a4b6e7936f6510ac5992
  languageName: node
  linkType: hard

"abort-controller@npm:^3.0.0":
  version: 3.0.0
  resolution: "abort-controller@npm:3.0.0"
  dependencies:
    event-target-shim: ^5.0.0
  checksum: cc53ad8df9a6de3f55d4f804fca5106908f855e47b572fb5ab3cdd723b76374686dcefa557a2f87d4396db77e31bc0e6ce9d48637388cef6d884c29ad2691448
  languageName: node
  linkType: hard

"abortcontroller-polyfill@npm:^1.4.0":
  version: 1.7.1
  resolution: "abortcontroller-polyfill@npm:1.7.1"
  checksum: 91e9a07655ef32eb2dce443adad9d3ba2e68dd344ec025bfcbdb89bf3748a8836f5b641f4d9ac1e983be697a93574b624b8576a344f9706d7fe87f9c1b91fd9f
  languageName: node
  linkType: hard

"airtable@npm:^0.10.1":
  version: 0.10.1
  resolution: "airtable@npm:0.10.1"
  dependencies:
    "@types/node": ">=8.0.0 <15"
    abort-controller: ^3.0.0
    abortcontroller-polyfill: ^1.4.0
    lodash: ^4.17.19
    node-fetch: ^2.6.1
  checksum: f5d5c5f9df7c31cc4015587a62a0c3c1d994360e814d20f7502e73109aa5526826b2e96aaaf034307498196f6208290c681e23a8f5f1c57d4545683c528d29db
  languageName: node
  linkType: hard

"alita@workspace:.":
  version: 0.0.0-use.local
  resolution: "alita@workspace:."
  dependencies:
    "@berry/pnpify": ^0.1.0
    "@types/node": ^14.14.31
    airtable: ^0.10.1
    discord.js: ^12.5.1
    dotenv: ^8.2.0
    typescript: ^4.1.5
  languageName: unknown
  linkType: soft

"asynckit@npm:^0.4.0":
  version: 0.4.0
  resolution: "asynckit@npm:0.4.0"
  checksum: a024000b9ddd938e2f27b3cb8188f96a5e1fff58185e98b84862fc4e01de279a547874a800340c2b106bb9de9b0fc61c6c683bc6892abf65e6be29a96addafd3
  languageName: node
  linkType: hard

"combined-stream@npm:^1.0.8":
  version: 1.0.8
  resolution: "combined-stream@npm:1.0.8"
  dependencies:
    delayed-stream: ~1.0.0
  checksum: 5791ce7944530f0db74a97e77ea28b6fdbf89afcf038e41d6b4195019c4c803cd19ed2905a54959e5b3830d50bd5d6f93c681c6d3aaea8614ad43b48e62e9d65
  languageName: node
  linkType: hard

"cross-spawn@npm:^6.0.5":
  version: 6.0.5
  resolution: "cross-spawn@npm:6.0.5"
  dependencies:
    nice-try: ^1.0.4
    path-key: ^2.0.1
    semver: ^5.5.0
    shebang-command: ^1.2.0
    which: ^1.2.9
  checksum: 05fbbf957d9b81dc05fd799a238f6aacc2e7cc9783fff3f0e00439a97d6f269c90482571cbf1eeea17200fd119161a2d1f88aa49a8110b176e04f2a70825284f
  languageName: node
  linkType: hard

"delayed-stream@npm:~1.0.0":
  version: 1.0.0
  resolution: "delayed-stream@npm:1.0.0"
  checksum: d9dfb0a7c79fd308fada9db2cf29d1ff22047ceb50dd78f7e3c173567909b438f418259cb76a6d9c9f513e88ef41d3a14154f618741ec8368c3efeff616d0c9f
  languageName: node
  linkType: hard

"discord.js@npm:^12.5.1":
  version: 12.5.1
  resolution: "discord.js@npm:12.5.1"
  dependencies:
    "@discordjs/collection": ^0.1.6
    "@discordjs/form-data": ^3.0.1
    abort-controller: ^3.0.0
    node-fetch: ^2.6.1
    prism-media: ^1.2.2
    setimmediate: ^1.0.5
    tweetnacl: ^1.0.3
    ws: ^7.3.1
  checksum: 18850040f3b945b0d60a89ea38df31d1abcca2879abc171b3a44d0b9ce163e0ad0a0119e0e417630cf56609483af6c4b5235f77cc84ae1bee0a2869aff25fae3
  languageName: node
  linkType: hard

"dotenv@npm:^8.2.0":
  version: 8.2.0
  resolution: "dotenv@npm:8.2.0"
  checksum: 16cb89cbd7b98b053899b8aba8c5044c8fb61a2db8a81fe70360b75035fce5fed53bd7a34d772be717d0880c0321122a4c09423f518025e1b52d96791521b1a7
  languageName: node
  linkType: hard

"event-target-shim@npm:^5.0.0":
  version: 5.0.1
  resolution: "event-target-shim@npm:5.0.1"
  checksum: d176477a31adf328ff50148886e46cef3f61ff8bdc1d6db161f6b3ead2501085d5652a81fab8dddc59aed93727231c0b5c8a0948de77ae401b2d977a3d18329e
  languageName: node
  linkType: hard

"isexe@npm:^2.0.0":
  version: 2.0.0
  resolution: "isexe@npm:2.0.0"
  checksum: 7b437980bb77881a146fba85cfbdf01edc2b148673e9c2722a1e49661fea73adf524430a80fdbfb8ce9f60d43224e682c657c45030482bd39e0c488fc29b4afe
  languageName: node
  linkType: hard

"lodash@npm:^4.17.19":
  version: 4.17.21
  resolution: "lodash@npm:4.17.21"
  checksum: 4983720b9abca930a4a46f18db163d7dad8dd00dbed6db0cc7b499b33b717cce69f80928b27bbb1ff2cbd3b19d251ee90669a8b5ea466072ca81c2ebe91e7468
  languageName: node
  linkType: hard

"mime-db@npm:1.46.0":
  version: 1.46.0
  resolution: "mime-db@npm:1.46.0"
  checksum: 4e137ac502ca5ba6c583e552c5fa6abd0c2157592f647824ba7246b771eb42c65c2a1816fc52b27afdbb88a026127f1d5fba354f9dcde591b3b464be07c3d27e
  languageName: node
  linkType: hard

"mime-types@npm:^2.1.12":
  version: 2.1.29
  resolution: "mime-types@npm:2.1.29"
  dependencies:
    mime-db: 1.46.0
  checksum: 744d72b2a24c64d2aacc1ead86bfc827c2c4f1bb6f3b4bf6d8684b82f5ddd0b75a5c0eff128a888c09080f9ad7979400b64a697889690fca3c42de80c8f5e187
  languageName: node
  linkType: hard

"nice-try@npm:^1.0.4":
  version: 1.0.5
  resolution: "nice-try@npm:1.0.5"
  checksum: 330f190bf68146a560008b661e1ddbb2eac667c16990b6bf791516d89cceb707ec67901ad647d2b32674bfa816b916489cead5c2fb6e96864c659573ab5aa3bb
  languageName: node
  linkType: hard

"node-fetch@npm:^2.6.1":
  version: 2.6.1
  resolution: "node-fetch@npm:2.6.1"
  checksum: cbb171635e538162b977eac5dfe7a1e07a9a02e991924377a6435502291e2f823d306b95aabc455caebf4a118ccf836868462bc70ccc3095af02bb9da61fda37
  languageName: node
  linkType: hard

"path-key@npm:^2.0.1":
  version: 2.0.1
  resolution: "path-key@npm:2.0.1"
  checksum: 7dc807a2baa11d6bc0fca72148a0a0ca69ab73d98fbe42e10d22764d1ef547767f2b4ff827c6bc66e733388cd8d54297a45a39499825b9fdfd18959202384029
  languageName: node
  linkType: hard

"prism-media@npm:^1.2.2":
  version: 1.2.7
  resolution: "prism-media@npm:1.2.7"
  peerDependencies:
    "@discordjs/opus": ^0.4.0
    ffmpeg-static: ^4.2.7 || ^3.0.0 || ^2.4.0
    node-opus: ^0.3.3
    opusscript: ^0.0.7
  peerDependenciesMeta:
    "@discordjs/opus":
      optional: true
    ffmpeg-static:
      optional: true
    node-opus:
      optional: true
    opusscript:
      optional: true
  checksum: 19252732bb768df96af341aca3c038f61eb686f78f317ce4d90e3369718f96b8ce4695af5c5046342f0d411d9bb44669fc88e9889727ba71140a205104fecc35
  languageName: node
  linkType: hard

"semver@npm:^5.5.0":
  version: 5.7.1
  resolution: "semver@npm:5.7.1"
  bin:
    semver: ./bin/semver
  checksum: 06ff0ed753ebf741b7602be8faad620d6e160a2cb3f61019d00d919c8bca141638aa23c34da779b8595afdc9faa3678bfbb5f60366b6a4f65f98cf86605bbcdb
  languageName: node
  linkType: hard

"setimmediate@npm:^1.0.5":
  version: 1.0.5
  resolution: "setimmediate@npm:1.0.5"
  checksum: 87884d8add4779fe47ccf763396a5bf875640ae34d80a10802da4de5c25d87647c12f6e7748fd5b8c143b57201caf2a5a781631456c228825f166ca305c12f20
  languageName: node
  linkType: hard

"shebang-command@npm:^1.2.0":
  version: 1.2.0
  resolution: "shebang-command@npm:1.2.0"
  dependencies:
    shebang-regex: ^1.0.0
  checksum: 2a1e0092a6b80b14ec742ef4e982be8aa670edc7de3e8c68b26744fb535051f7d92518106387b52e9aabe0c1ceae33d23a7dfdb94c3d7f5035c3868b723a2854
  languageName: node
  linkType: hard

"shebang-regex@npm:^1.0.0":
  version: 1.0.0
  resolution: "shebang-regex@npm:1.0.0"
  checksum: cf1a41cb09023e7d39739d7145fcba57c3fabc6728b78ce706f7315cf52dfadf30f7eea664e069224fbcbbfb6ab853bc55ac45f494b47ee73fc209c98487fae5
  languageName: node
  linkType: hard

"tweetnacl@npm:^1.0.3":
  version: 1.0.3
  resolution: "tweetnacl@npm:1.0.3"
  checksum: 1188f3ef85db04d6dba632d211e481ae0a5805974491633ff60bd56ae3362312dfea1515e0d200685867b69ff212e8778e26923f8203e3c335064b07f620a6c7
  languageName: node
  linkType: hard

typescript@^4.1.5:
  version: 4.1.5
  resolution: "typescript@npm:4.1.5"
  bin:
    tsc: bin/tsc
    tsserver: bin/tsserver
  checksum: 29157c84426ac94ce97aac836264f303a26bd9fb30865650229e3406a36ca2e89735ef4b8878075ba1b95fa4d3ff9810057b64888700c28e20b4034a6db4da83
  languageName: node
  linkType: hard

"typescript@patch:typescript@^4.1.5#builtin<compat/typescript>":
  version: 4.1.5
  resolution: "typescript@patch:typescript@npm%3A4.1.5#builtin<compat/typescript>::version=4.1.5&hash=cc6730"
  bin:
    tsc: bin/tsc
    tsserver: bin/tsserver
  checksum: 58cc7786be0f8485c124944883b1384287532e4867ec37f1fb5cb2811dbc10f7a9decccad89097f924043285f3515bfd8223c61dbb4f88af00b2d8dc2ef73207
  languageName: node
  linkType: hard

"which@npm:^1.2.9":
  version: 1.3.1
  resolution: "which@npm:1.3.1"
  dependencies:
    isexe: ^2.0.0
  bin:
    which: ./bin/which
  checksum: 298d95f9c185c4da22c1bfb1fdfa37c2ba56df8a6b98706ab361bf31a7d3a4845afaecfc48d4de7a259048842b5f2977f51b56f5c06c1f6a83dcf5a9e3de634a
  languageName: node
  linkType: hard

"ws@npm:^7.3.1":
  version: 7.4.3
  resolution: "ws@npm:7.4.3"
  peerDependencies:
    bufferutil: ^4.0.1
    utf-8-validate: ^5.0.2
  peerDependenciesMeta:
    bufferutil:
      optional: true
    utf-8-validate:
      optional: true
  checksum: 493655b7c4589d09ff3c2b6e8870b9ad7f7aea0aff34034e2dbb9a2e13f6868a47b06b423bc2365aec6143500b04ad24fdaecfbd9a6752f8eab2d339182c9884
  languageName: node
  linkType: hard
